// !$*UTF8*$!
{
	archiveVersion = 1;
	classes = {
	};
	objectVersion = 60;
	objects = {

/* Begin PBXBuildFile section */
		292C18882C0112BE00FF235B /* Audio Engine.swift in Sources */ = {isa = PBXBuildFile; fileRef = 292C18872C0112BE00FF235B /* Audio Engine.swift */; };
		292C188D2C029D1900FF235B /* Keychain Manager.swift in Sources */ = {isa = PBXBuildFile; fileRef = 292C188C2C029D1900FF235B /* Keychain Manager.swift */; };
		292C188F2C03AAA000FF235B /* Color Extension.swift in Sources */ = {isa = PBXBuildFile; fileRef = 292C188E2C03AAA000FF235B /* Color Extension.swift */; };
		292C18912C03C96500FF235B /* Login Manager.swift in Sources */ = {isa = PBXBuildFile; fileRef = 292C18902C03C96500FF235B /* Login Manager.swift */; };
		292C18932C03F92500FF235B /* Device Connect.swift in Sources */ = {isa = PBXBuildFile; fileRef = 292C18922C03F92500FF235B /* Device Connect.swift */; };
		292C18952C05068A00FF235B /* QRCameraManager.swift in Sources */ = {isa = PBXBuildFile; fileRef = 292C18942C05068A00FF235B /* QRCameraManager.swift */; };
		292C18972C06B95700FF235B /* NWConnection Extension.swift in Sources */ = {isa = PBXBuildFile; fileRef = 292C18962C06B95700FF235B /* NWConnection Extension.swift */; };
		292C189A2C0B955700FF235B /* Session Key.swift in Sources */ = {isa = PBXBuildFile; fileRef = 292C18992C0B955700FF235B /* Session Key.swift */; };
		292C189C2C0BC5B200FF235B /* User Request.swift in Sources */ = {isa = PBXBuildFile; fileRef = 292C189B2C0BC5B200FF235B /* User Request.swift */; };
		292C189E2C16441B00FF235B /* Server Response.swift in Sources */ = {isa = PBXBuildFile; fileRef = 292C189D2C16441B00FF235B /* Server Response.swift */; };
		292C18A12C1645EF00FF235B /* Server Response Data.swift in Sources */ = {isa = PBXBuildFile; fileRef = 292C18A02C1645EF00FF235B /* Server Response Data.swift */; };
		292C18A32C16469600FF235B /* Response Data.swift in Sources */ = {isa = PBXBuildFile; fileRef = 292C18A22C16469600FF235B /* Response Data.swift */; };
		292C18A62C17D65E00FF235B /* Connection Error.swift in Sources */ = {isa = PBXBuildFile; fileRef = 292C18A52C17D65E00FF235B /* Connection Error.swift */; };
		292C18A82C1B9D4200FF235B /* UserRequest.swift in Sources */ = {isa = PBXBuildFile; fileRef = 292C18A72C1B9D4200FF235B /* UserRequest.swift */; };
		292C18AA2C1B9DEF00FF235B /* UserSessionRequest.swift in Sources */ = {isa = PBXBuildFile; fileRef = 292C18A92C1B9DEF00FF235B /* UserSessionRequest.swift */; };
		292C18AC2C1CFD2800FF235B /* Initiate Connection.swift in Sources */ = {isa = PBXBuildFile; fileRef = 292C18AB2C1CFD2800FF235B /* Initiate Connection.swift */; };
		292C18AF2C20EE2C00FF235B /* AppDelegate.swift in Sources */ = {isa = PBXBuildFile; fileRef = 292C18AE2C20EE2C00FF235B /* AppDelegate.swift */; };
		292C18B72C20F96D00FF235B /* ViewController.swift in Sources */ = {isa = PBXBuildFile; fileRef = 292C18B62C20F96D00FF235B /* ViewController.swift */; };
		292C18B82C27948B00FF235B /* SpotifyiOS.xcframework in Frameworks */ = {isa = PBXBuildFile; fileRef = 292C18B32C20F8DF00FF235B /* SpotifyiOS.xcframework */; };
		292C18B92C27948B00FF235B /* SpotifyiOS.xcframework in Embed Frameworks */ = {isa = PBXBuildFile; fileRef = 292C18B32C20F8DF00FF235B /* SpotifyiOS.xcframework */; settings = {ATTRIBUTES = (CodeSignOnCopy, RemoveHeadersOnCopy, ); }; };
		292C18BE2C2A33BD00FF235B /* Constants.swift in Sources */ = {isa = PBXBuildFile; fileRef = 292C18BD2C2A33BD00FF235B /* Constants.swift */; };
		292C18C02C2A3B3A00FF235B /* SpotifySessionManager.swift in Sources */ = {isa = PBXBuildFile; fileRef = 292C18BF2C2A3B3A00FF235B /* SpotifySessionManager.swift */; };
		292C18C22C31EF3200FF235B /* SceneDelegate.swift in Sources */ = {isa = PBXBuildFile; fileRef = 292C18C12C31EF3200FF235B /* SceneDelegate.swift */; };
		292C18C52C37541900FF235B /* Library.swift in Sources */ = {isa = PBXBuildFile; fileRef = 292C18C42C37541900FF235B /* Library.swift */; };
		296FA94B2BF960D9000CF0C2 /* Audio_ShareApp.swift in Sources */ = {isa = PBXBuildFile; fileRef = 296FA94A2BF960D9000CF0C2 /* Audio_ShareApp.swift */; };
		296FA94D2BF960D9000CF0C2 /* ContentView.swift in Sources */ = {isa = PBXBuildFile; fileRef = 296FA94C2BF960D9000CF0C2 /* ContentView.swift */; };
		296FA94F2BF960DA000CF0C2 /* Assets.xcassets in Resources */ = {isa = PBXBuildFile; fileRef = 296FA94E2BF960DA000CF0C2 /* Assets.xcassets */; };
		296FA9522BF960DA000CF0C2 /* Preview Assets.xcassets in Resources */ = {isa = PBXBuildFile; fileRef = 296FA9512BF960DA000CF0C2 /* Preview Assets.xcassets */; };
		296FA95C2BF960DA000CF0C2 /* Audio_ShareTests.swift in Sources */ = {isa = PBXBuildFile; fileRef = 296FA95B2BF960DA000CF0C2 /* Audio_ShareTests.swift */; };
		296FA9662BF960DA000CF0C2 /* Audio_ShareUITests.swift in Sources */ = {isa = PBXBuildFile; fileRef = 296FA9652BF960DA000CF0C2 /* Audio_ShareUITests.swift */; };
		296FA9682BF960DA000CF0C2 /* Audio_ShareUITestsLaunchTests.swift in Sources */ = {isa = PBXBuildFile; fileRef = 296FA9672BF960DA000CF0C2 /* Audio_ShareUITestsLaunchTests.swift */; };
		296FA9762BF961E7000CF0C2 /* LocalNetworkAuthorization.swift in Sources */ = {isa = PBXBuildFile; fileRef = 296FA9752BF961E7000CF0C2 /* LocalNetworkAuthorization.swift */; };
		296FA9782BFA7C50000CF0C2 /* QRCodeCoodinator.swift in Sources */ = {isa = PBXBuildFile; fileRef = 296FA9772BFA7C50000CF0C2 /* QRCodeCoodinator.swift */; };
		296FA97A2BFA7CAE000CF0C2 /* QRCodeScanner.swift in Sources */ = {isa = PBXBuildFile; fileRef = 296FA9792BFA7CAE000CF0C2 /* QRCodeScanner.swift */; };
		296FA97C2BFA8BAA000CF0C2 /* QRCodeFrameView.swift in Sources */ = {isa = PBXBuildFile; fileRef = 296FA97B2BFA8BAA000CF0C2 /* QRCodeFrameView.swift */; };
		296FA97F2BFAC395000CF0C2 /* CodeScanner in Frameworks */ = {isa = PBXBuildFile; productRef = 296FA97E2BFAC395000CF0C2 /* CodeScanner */; };
		296FA9812BFC045B000CF0C2 /* Security.swift in Sources */ = {isa = PBXBuildFile; fileRef = 296FA9802BFC045B000CF0C2 /* Security.swift */; };
		296FA9842BFD2427000CF0C2 /* ServiceDiscovery.swift in Sources */ = {isa = PBXBuildFile; fileRef = 296FA9832BFD2427000CF0C2 /* ServiceDiscovery.swift */; };
		296FA9862BFE82B4000CF0C2 /* SocketManager.swift in Sources */ = {isa = PBXBuildFile; fileRef = 296FA9852BFE82B4000CF0C2 /* SocketManager.swift */; };
		296FA98A2BFF95B7000CF0C2 /* Inbound Handler.swift in Sources */ = {isa = PBXBuildFile; fileRef = 296FA9892BFF95B7000CF0C2 /* Inbound Handler.swift */; };
		296FA98C2BFF95F1000CF0C2 /* Outbound Handler.swift in Sources */ = {isa = PBXBuildFile; fileRef = 296FA98B2BFF95F1000CF0C2 /* Outbound Handler.swift */; };
		296FA98F2BFF97C9000CF0C2 /* NIO in Frameworks */ = {isa = PBXBuildFile; productRef = 296FA98E2BFF97C9000CF0C2 /* NIO */; };
		296FA9912BFFAEDC000CF0C2 /* ConnectionManager.swift in Sources */ = {isa = PBXBuildFile; fileRef = 296FA9902BFFAEDC000CF0C2 /* ConnectionManager.swift */; };
		296FA9942BFFF327000CF0C2 /* LoginPage.swift in Sources */ = {isa = PBXBuildFile; fileRef = 296FA9932BFFF327000CF0C2 /* LoginPage.swift */; };
/* End PBXBuildFile section */

/* Begin PBXContainerItemProxy section */
		296FA9582BF960DA000CF0C2 /* PBXContainerItemProxy */ = {
			isa = PBXContainerItemProxy;
			containerPortal = 296FA93F2BF960D9000CF0C2 /* Project object */;
			proxyType = 1;
			remoteGlobalIDString = 296FA9462BF960D9000CF0C2;
			remoteInfo = "Audio Share";
		};
		296FA9622BF960DA000CF0C2 /* PBXContainerItemProxy */ = {
			isa = PBXContainerItemProxy;
			containerPortal = 296FA93F2BF960D9000CF0C2 /* Project object */;
			proxyType = 1;
			remoteGlobalIDString = 296FA9462BF960D9000CF0C2;
			remoteInfo = "Audio Share";
		};
/* End PBXContainerItemProxy section */

/* Begin PBXCopyFilesBuildPhase section */
		292C18BA2C27948B00FF235B /* Embed Frameworks */ = {
			isa = PBXCopyFilesBuildPhase;
			buildActionMask = 2147483647;
			dstPath = "";
			dstSubfolderSpec = 10;
			files = (
				292C18B92C27948B00FF235B /* SpotifyiOS.xcframework in Embed Frameworks */,
			);
			name = "Embed Frameworks";
			runOnlyForDeploymentPostprocessing = 0;
		};
/* End PBXCopyFilesBuildPhase section */

/* Begin PBXFileReference section */
		292C18872C0112BE00FF235B /* Audio Engine.swift */ = {isa = PBXFileReference; lastKnownFileType = sourcecode.swift; path = "Audio Engine.swift"; sourceTree = "<group>"; };
		292C188C2C029D1900FF235B /* Keychain Manager.swift */ = {isa = PBXFileReference; lastKnownFileType = sourcecode.swift; path = "Keychain Manager.swift"; sourceTree = "<group>"; };
		292C188E2C03AAA000FF235B /* Color Extension.swift */ = {isa = PBXFileReference; lastKnownFileType = sourcecode.swift; path = "Color Extension.swift"; sourceTree = "<group>"; };
		292C18902C03C96500FF235B /* Login Manager.swift */ = {isa = PBXFileReference; lastKnownFileType = sourcecode.swift; path = "Login Manager.swift"; sourceTree = "<group>"; };
		292C18922C03F92500FF235B /* Device Connect.swift */ = {isa = PBXFileReference; lastKnownFileType = sourcecode.swift; path = "Device Connect.swift"; sourceTree = "<group>"; };
		292C18942C05068A00FF235B /* QRCameraManager.swift */ = {isa = PBXFileReference; lastKnownFileType = sourcecode.swift; path = QRCameraManager.swift; sourceTree = "<group>"; };
		292C18962C06B95700FF235B /* NWConnection Extension.swift */ = {isa = PBXFileReference; lastKnownFileType = sourcecode.swift; path = "NWConnection Extension.swift"; sourceTree = "<group>"; };
		292C18992C0B955700FF235B /* Session Key.swift */ = {isa = PBXFileReference; lastKnownFileType = sourcecode.swift; path = "Session Key.swift"; sourceTree = "<group>"; };
		292C189B2C0BC5B200FF235B /* User Request.swift */ = {isa = PBXFileReference; lastKnownFileType = sourcecode.swift; path = "User Request.swift"; sourceTree = "<group>"; };
		292C189D2C16441B00FF235B /* Server Response.swift */ = {isa = PBXFileReference; lastKnownFileType = sourcecode.swift; path = "Server Response.swift"; sourceTree = "<group>"; };
		292C18A02C1645EF00FF235B /* Server Response Data.swift */ = {isa = PBXFileReference; lastKnownFileType = sourcecode.swift; path = "Server Response Data.swift"; sourceTree = "<group>"; };
		292C18A22C16469600FF235B /* Response Data.swift */ = {isa = PBXFileReference; lastKnownFileType = sourcecode.swift; path = "Response Data.swift"; sourceTree = "<group>"; };
		292C18A52C17D65E00FF235B /* Connection Error.swift */ = {isa = PBXFileReference; lastKnownFileType = sourcecode.swift; path = "Connection Error.swift"; sourceTree = "<group>"; };
		292C18A72C1B9D4200FF235B /* UserRequest.swift */ = {isa = PBXFileReference; lastKnownFileType = sourcecode.swift; path = UserRequest.swift; sourceTree = "<group>"; };
		292C18A92C1B9DEF00FF235B /* UserSessionRequest.swift */ = {isa = PBXFileReference; lastKnownFileType = sourcecode.swift; path = UserSessionRequest.swift; sourceTree = "<group>"; };
		292C18AB2C1CFD2800FF235B /* Initiate Connection.swift */ = {isa = PBXFileReference; lastKnownFileType = sourcecode.swift; path = "Initiate Connection.swift"; sourceTree = "<group>"; };
		292C18AE2C20EE2C00FF235B /* AppDelegate.swift */ = {isa = PBXFileReference; lastKnownFileType = sourcecode.swift; path = AppDelegate.swift; sourceTree = "<group>"; };
		292C18B02C20F28500FF235B /* Audio Share-Bridging-Header.h */ = {isa = PBXFileReference; lastKnownFileType = sourcecode.c.h; path = "Audio Share-Bridging-Header.h"; sourceTree = "<group>"; };
		292C18B32C20F8DF00FF235B /* SpotifyiOS.xcframework */ = {isa = PBXFileReference; lastKnownFileType = wrapper.xcframework; path = SpotifyiOS.xcframework; sourceTree = "<group>"; };
		292C18B62C20F96D00FF235B /* ViewController.swift */ = {isa = PBXFileReference; lastKnownFileType = sourcecode.swift; path = ViewController.swift; sourceTree = "<group>"; };
		292C18BD2C2A33BD00FF235B /* Constants.swift */ = {isa = PBXFileReference; lastKnownFileType = sourcecode.swift; path = Constants.swift; sourceTree = "<group>"; };
		292C18BF2C2A3B3A00FF235B /* SpotifySessionManager.swift */ = {isa = PBXFileReference; lastKnownFileType = sourcecode.swift; path = SpotifySessionManager.swift; sourceTree = "<group>"; };
		292C18C12C31EF3200FF235B /* SceneDelegate.swift */ = {isa = PBXFileReference; lastKnownFileType = sourcecode.swift; path = SceneDelegate.swift; sourceTree = "<group>"; };
		292C18C42C37541900FF235B /* Library.swift */ = {isa = PBXFileReference; lastKnownFileType = sourcecode.swift; path = Library.swift; sourceTree = "<group>"; };
		296FA9472BF960D9000CF0C2 /* Audio Share.app */ = {isa = PBXFileReference; explicitFileType = wrapper.application; includeInIndex = 0; path = "Audio Share.app"; sourceTree = BUILT_PRODUCTS_DIR; };
		296FA94A2BF960D9000CF0C2 /* Audio_ShareApp.swift */ = {isa = PBXFileReference; lastKnownFileType = sourcecode.swift; path = Audio_ShareApp.swift; sourceTree = "<group>"; };
		296FA94C2BF960D9000CF0C2 /* ContentView.swift */ = {isa = PBXFileReference; lastKnownFileType = sourcecode.swift; path = ContentView.swift; sourceTree = "<group>"; };
		296FA94E2BF960DA000CF0C2 /* Assets.xcassets */ = {isa = PBXFileReference; lastKnownFileType = folder.assetcatalog; path = Assets.xcassets; sourceTree = "<group>"; };
		296FA9512BF960DA000CF0C2 /* Preview Assets.xcassets */ = {isa = PBXFileReference; lastKnownFileType = folder.assetcatalog; path = "Preview Assets.xcassets"; sourceTree = "<group>"; };
		296FA9572BF960DA000CF0C2 /* Audio ShareTests.xctest */ = {isa = PBXFileReference; explicitFileType = wrapper.cfbundle; includeInIndex = 0; path = "Audio ShareTests.xctest"; sourceTree = BUILT_PRODUCTS_DIR; };
		296FA95B2BF960DA000CF0C2 /* Audio_ShareTests.swift */ = {isa = PBXFileReference; lastKnownFileType = sourcecode.swift; path = Audio_ShareTests.swift; sourceTree = "<group>"; };
		296FA9612BF960DA000CF0C2 /* Audio ShareUITests.xctest */ = {isa = PBXFileReference; explicitFileType = wrapper.cfbundle; includeInIndex = 0; path = "Audio ShareUITests.xctest"; sourceTree = BUILT_PRODUCTS_DIR; };
		296FA9652BF960DA000CF0C2 /* Audio_ShareUITests.swift */ = {isa = PBXFileReference; lastKnownFileType = sourcecode.swift; path = Audio_ShareUITests.swift; sourceTree = "<group>"; };
		296FA9672BF960DA000CF0C2 /* Audio_ShareUITestsLaunchTests.swift */ = {isa = PBXFileReference; lastKnownFileType = sourcecode.swift; path = Audio_ShareUITestsLaunchTests.swift; sourceTree = "<group>"; };
		296FA9742BF9610A000CF0C2 /* Audio-Share-Info.plist */ = {isa = PBXFileReference; lastKnownFileType = text.plist; path = "Audio-Share-Info.plist"; sourceTree = SOURCE_ROOT; };
		3125F8A1A9934719B7D3A575 /* Secrets.xcconfig */ = {isa = PBXFileReference; lastKnownFileType = text.xcconfig; path = Secrets.xcconfig; sourceTree = "<group>"; };
		296FA9752BF961E7000CF0C2 /* LocalNetworkAuthorization.swift */ = {isa = PBXFileReference; lastKnownFileType = sourcecode.swift; path = LocalNetworkAuthorization.swift; sourceTree = "<group>"; };
		296FA9772BFA7C50000CF0C2 /* QRCodeCoodinator.swift */ = {isa = PBXFileReference; lastKnownFileType = sourcecode.swift; path = QRCodeCoodinator.swift; sourceTree = "<group>"; };
		296FA9792BFA7CAE000CF0C2 /* QRCodeScanner.swift */ = {isa = PBXFileReference; lastKnownFileType = sourcecode.swift; path = QRCodeScanner.swift; sourceTree = "<group>"; };
		296FA97B2BFA8BAA000CF0C2 /* QRCodeFrameView.swift */ = {isa = PBXFileReference; lastKnownFileType = sourcecode.swift; path = QRCodeFrameView.swift; sourceTree = "<group>"; };
		296FA9802BFC045B000CF0C2 /* Security.swift */ = {isa = PBXFileReference; lastKnownFileType = sourcecode.swift; path = Security.swift; sourceTree = "<group>"; };
		296FA9832BFD2427000CF0C2 /* ServiceDiscovery.swift */ = {isa = PBXFileReference; lastKnownFileType = sourcecode.swift; path = ServiceDiscovery.swift; sourceTree = "<group>"; };
		296FA9852BFE82B4000CF0C2 /* SocketManager.swift */ = {isa = PBXFileReference; lastKnownFileType = sourcecode.swift; path = SocketManager.swift; sourceTree = "<group>"; };
		296FA9892BFF95B7000CF0C2 /* Inbound Handler.swift */ = {isa = PBXFileReference; lastKnownFileType = sourcecode.swift; path = "Inbound Handler.swift"; sourceTree = "<group>"; };
		296FA98B2BFF95F1000CF0C2 /* Outbound Handler.swift */ = {isa = PBXFileReference; lastKnownFileType = sourcecode.swift; path = "Outbound Handler.swift"; sourceTree = "<group>"; };
		296FA9902BFFAEDC000CF0C2 /* ConnectionManager.swift */ = {isa = PBXFileReference; lastKnownFileType = sourcecode.swift; path = ConnectionManager.swift; sourceTree = "<group>"; };
		296FA9932BFFF327000CF0C2 /* LoginPage.swift */ = {isa = PBXFileReference; lastKnownFileType = sourcecode.swift; path = LoginPage.swift; sourceTree = "<group>"; };
/* End PBXFileReference section */

/* Begin PBXFrameworksBuildPhase section */
		296FA9442BF960D9000CF0C2 /* Frameworks */ = {
			isa = PBXFrameworksBuildPhase;
			buildActionMask = 2147483647;
			files = (
				296FA97F2BFAC395000CF0C2 /* CodeScanner in Frameworks */,
				292C18B82C27948B00FF235B /* SpotifyiOS.xcframework in Frameworks */,
				296FA98F2BFF97C9000CF0C2 /* NIO in Frameworks */,
			);
			runOnlyForDeploymentPostprocessing = 0;
		};
		296FA9542BF960DA000CF0C2 /* Frameworks */ = {
			isa = PBXFrameworksBuildPhase;
			buildActionMask = 2147483647;
			files = (
			);
			runOnlyForDeploymentPostprocessing = 0;
		};
		296FA95E2BF960DA000CF0C2 /* Frameworks */ = {
			isa = PBXFrameworksBuildPhase;
			buildActionMask = 2147483647;
			files = (
			);
			runOnlyForDeploymentPostprocessing = 0;
		};
/* End PBXFrameworksBuildPhase section */

/* Begin PBXGroup section */
		292C18892C01151A00FF235B /* Extensions */ = {
			isa = PBXGroup;
			children = (
				292C188E2C03AAA000FF235B /* Color Extension.swift */,
				292C18962C06B95700FF235B /* NWConnection Extension.swift */,
			);
			path = Extensions;
			sourceTree = "<group>";
		};
		292C18982C0B953700FF235B /* JSON Encoded Data */ = {
			isa = PBXGroup;
			children = (
				292C18992C0B955700FF235B /* Session Key.swift */,
				292C189B2C0BC5B200FF235B /* User Request.swift */,
				292C189D2C16441B00FF235B /* Server Response.swift */,
				292C18A22C16469600FF235B /* Response Data.swift */,
				292C18A92C1B9DEF00FF235B /* UserSessionRequest.swift */,
				292C18AB2C1CFD2800FF235B /* Initiate Connection.swift */,
			);
			path = "JSON Encoded Data";
			sourceTree = "<group>";
		};
		292C189F2C1645D600FF235B /* Protocols */ = {
			isa = PBXGroup;
			children = (
				292C18A02C1645EF00FF235B /* Server Response Data.swift */,
				292C18A72C1B9D4200FF235B /* UserRequest.swift */,
			);
			path = Protocols;
			sourceTree = "<group>";
		};
		292C18A42C17D62200FF235B /* Errors */ = {
			isa = PBXGroup;
			children = (
				292C18A52C17D65E00FF235B /* Connection Error.swift */,
			);
			path = Errors;
			sourceTree = "<group>";
		};
		292C18B52C20F95F00FF235B /* Controllers */ = {
			isa = PBXGroup;
			children = (
				292C18C32C37540200FF235B /* Library */,
				292C18B62C20F96D00FF235B /* ViewController.swift */,
			);
			path = Controllers;
			sourceTree = "<group>";
		};
		292C18C32C37540200FF235B /* Library */ = {
			isa = PBXGroup;
			children = (
				292C18C42C37541900FF235B /* Library.swift */,
			);
			path = Library;
			sourceTree = "<group>";
		};
		296FA93E2BF960D9000CF0C2 = {
			isa = PBXGroup;
			children = (
				296FA9492BF960D9000CF0C2 /* Audio Share */,
				296FA95A2BF960DA000CF0C2 /* Audio ShareTests */,
				296FA9642BF960DA000CF0C2 /* Audio ShareUITests */,
				296FA9482BF960D9000CF0C2 /* Products */,
				296FA98D2BFF97C9000CF0C2 /* Frameworks */,
			);
			sourceTree = "<group>";
		};
		296FA9482BF960D9000CF0C2 /* Products */ = {
			isa = PBXGroup;
			children = (
				296FA9472BF960D9000CF0C2 /* Audio Share.app */,
				296FA9572BF960DA000CF0C2 /* Audio ShareTests.xctest */,
				296FA9612BF960DA000CF0C2 /* Audio ShareUITests.xctest */,
			);
			name = Products;
			sourceTree = "<group>";
		};
		296FA9492BF960D9000CF0C2 /* Audio Share */ = {
			isa = PBXGroup;
			children = (
				292C18B52C20F95F00FF235B /* Controllers */,
				292C18A42C17D62200FF235B /* Errors */,
				292C189F2C1645D600FF235B /* Protocols */,
				292C18982C0B953700FF235B /* JSON Encoded Data */,
				292C18892C01151A00FF235B /* Extensions */,
				296FA9922BFFF30B000CF0C2 /* Login Page */,
				296FA9882BFF9598000CF0C2 /* Network Handlers */,
				296FA9822BFD240E000CF0C2 /* Managers */,
				3125F8A1A9934719B7D3A575 /* Secrets.xcconfig */,
				296FA9742BF9610A000CF0C2 /* Audio-Share-Info.plist */,
				296FA94A2BF960D9000CF0C2 /* Audio_ShareApp.swift */,
				296FA94C2BF960D9000CF0C2 /* ContentView.swift */,
				296FA94E2BF960DA000CF0C2 /* Assets.xcassets */,
				296FA9502BF960DA000CF0C2 /* Preview Content */,
				296FA9752BF961E7000CF0C2 /* LocalNetworkAuthorization.swift */,
				296FA9772BFA7C50000CF0C2 /* QRCodeCoodinator.swift */,
				292C18922C03F92500FF235B /* Device Connect.swift */,
				296FA9792BFA7CAE000CF0C2 /* QRCodeScanner.swift */,
				296FA97B2BFA8BAA000CF0C2 /* QRCodeFrameView.swift */,
				296FA9802BFC045B000CF0C2 /* Security.swift */,
				292C18AE2C20EE2C00FF235B /* AppDelegate.swift */,
				292C18B02C20F28500FF235B /* Audio Share-Bridging-Header.h */,
				292C18BD2C2A33BD00FF235B /* Constants.swift */,
				292C18C12C31EF3200FF235B /* SceneDelegate.swift */,
			);
			path = "Audio Share";
			sourceTree = "<group>";
		};
		296FA9502BF960DA000CF0C2 /* Preview Content */ = {
			isa = PBXGroup;
			children = (
				296FA9512BF960DA000CF0C2 /* Preview Assets.xcassets */,
			);
			path = "Preview Content";
			sourceTree = "<group>";
		};
		296FA95A2BF960DA000CF0C2 /* Audio ShareTests */ = {
			isa = PBXGroup;
			children = (
				296FA95B2BF960DA000CF0C2 /* Audio_ShareTests.swift */,
			);
			path = "Audio ShareTests";
			sourceTree = "<group>";
		};
		296FA9642BF960DA000CF0C2 /* Audio ShareUITests */ = {
			isa = PBXGroup;
			children = (
				296FA9652BF960DA000CF0C2 /* Audio_ShareUITests.swift */,
				296FA9672BF960DA000CF0C2 /* Audio_ShareUITestsLaunchTests.swift */,
			);
			path = "Audio ShareUITests";
			sourceTree = "<group>";
		};
		296FA9822BFD240E000CF0C2 /* Managers */ = {
			isa = PBXGroup;
			children = (
				296FA9832BFD2427000CF0C2 /* ServiceDiscovery.swift */,
				296FA9852BFE82B4000CF0C2 /* SocketManager.swift */,
				296FA9902BFFAEDC000CF0C2 /* ConnectionManager.swift */,
				292C18872C0112BE00FF235B /* Audio Engine.swift */,
				292C188C2C029D1900FF235B /* Keychain Manager.swift */,
				292C18902C03C96500FF235B /* Login Manager.swift */,
				292C18942C05068A00FF235B /* QRCameraManager.swift */,
				292C18BF2C2A3B3A00FF235B /* SpotifySessionManager.swift */,
			);
			path = Managers;
			sourceTree = "<group>";
		};
		296FA9882BFF9598000CF0C2 /* Network Handlers */ = {
			isa = PBXGroup;
			children = (
				296FA9892BFF95B7000CF0C2 /* Inbound Handler.swift */,
				296FA98B2BFF95F1000CF0C2 /* Outbound Handler.swift */,
			);
			path = "Network Handlers";
			sourceTree = "<group>";
		};
		296FA98D2BFF97C9000CF0C2 /* Frameworks */ = {
			isa = PBXGroup;
			children = (
				292C18B32C20F8DF00FF235B /* SpotifyiOS.xcframework */,
			);
			name = Frameworks;
			sourceTree = "<group>";
		};
		296FA9922BFFF30B000CF0C2 /* Login Page */ = {
			isa = PBXGroup;
			children = (
				296FA9932BFFF327000CF0C2 /* LoginPage.swift */,
			);
			path = "Login Page";
			sourceTree = "<group>";
		};
/* End PBXGroup section */

/* Begin PBXNativeTarget section */
		296FA9462BF960D9000CF0C2 /* Audio Share */ = {
			isa = PBXNativeTarget;
			buildConfigurationList = 296FA96B2BF960DA000CF0C2 /* Build configuration list for PBXNativeTarget "Audio Share" */;
			buildPhases = (
				296FA9432BF960D9000CF0C2 /* Sources */,
				296FA9442BF960D9000CF0C2 /* Frameworks */,
				296FA9452BF960D9000CF0C2 /* Resources */,
				292C18BA2C27948B00FF235B /* Embed Frameworks */,
			);
			buildRules = (
			);
			dependencies = (
			);
			name = "Audio Share";
			packageProductDependencies = (
				296FA97E2BFAC395000CF0C2 /* CodeScanner */,
				296FA98E2BFF97C9000CF0C2 /* NIO */,
			);
			productName = "Audio Share";
			productReference = 296FA9472BF960D9000CF0C2 /* Audio Share.app */;
			productType = "com.apple.product-type.application";
		};
		296FA9562BF960DA000CF0C2 /* Audio ShareTests */ = {
			isa = PBXNativeTarget;
			buildConfigurationList = 296FA96E2BF960DA000CF0C2 /* Build configuration list for PBXNativeTarget "Audio ShareTests" */;
			buildPhases = (
				296FA9532BF960DA000CF0C2 /* Sources */,
				296FA9542BF960DA000CF0C2 /* Frameworks */,
				296FA9552BF960DA000CF0C2 /* Resources */,
			);
			buildRules = (
			);
			dependencies = (
				296FA9592BF960DA000CF0C2 /* PBXTargetDependency */,
			);
			name = "Audio ShareTests";
			productName = "Audio ShareTests";
			productReference = 296FA9572BF960DA000CF0C2 /* Audio ShareTests.xctest */;
			productType = "com.apple.product-type.bundle.unit-test";
		};
		296FA9602BF960DA000CF0C2 /* Audio ShareUITests */ = {
			isa = PBXNativeTarget;
			buildConfigurationList = 296FA9712BF960DA000CF0C2 /* Build configuration list for PBXNativeTarget "Audio ShareUITests" */;
			buildPhases = (
				296FA95D2BF960DA000CF0C2 /* Sources */,
				296FA95E2BF960DA000CF0C2 /* Frameworks */,
				296FA95F2BF960DA000CF0C2 /* Resources */,
			);
			buildRules = (
			);
			dependencies = (
				296FA9632BF960DA000CF0C2 /* PBXTargetDependency */,
			);
			name = "Audio ShareUITests";
			productName = "Audio ShareUITests";
			productReference = 296FA9612BF960DA000CF0C2 /* Audio ShareUITests.xctest */;
			productType = "com.apple.product-type.bundle.ui-testing";
		};
/* End PBXNativeTarget section */

/* Begin PBXProject section */
		296FA93F2BF960D9000CF0C2 /* Project object */ = {
			isa = PBXProject;
			attributes = {
				BuildIndependentTargetsInParallel = 1;
				LastSwiftUpdateCheck = 1540;
				LastUpgradeCheck = 1540;
				TargetAttributes = {
					296FA9462BF960D9000CF0C2 = {
						CreatedOnToolsVersion = 15.4;
					};
					296FA9562BF960DA000CF0C2 = {
						CreatedOnToolsVersion = 15.4;
						TestTargetID = 296FA9462BF960D9000CF0C2;
					};
					296FA9602BF960DA000CF0C2 = {
						CreatedOnToolsVersion = 15.4;
						TestTargetID = 296FA9462BF960D9000CF0C2;
					};
				};
			};
			buildConfigurationList = 296FA9422BF960D9000CF0C2 /* Build configuration list for PBXProject "Audio Share" */;
			compatibilityVersion = "Xcode 14.0";
			developmentRegion = en;
			hasScannedForEncodings = 0;
			knownRegions = (
				en,
				Base,
			);
			mainGroup = 296FA93E2BF960D9000CF0C2;
			packageReferences = (
				296FA97D2BFAC395000CF0C2 /* XCLocalSwiftPackageReference "../../CodeScanner" */,
				296FA9872BFE8613000CF0C2 /* XCRemoteSwiftPackageReference "swift-nio" */,
				292C18AD2C20DF5100FF235B /* XCLocalSwiftPackageReference "../../audio_share/ios-sdk-2.1.1" */,
			);
			productRefGroup = 296FA9482BF960D9000CF0C2 /* Products */;
			projectDirPath = "";
			projectRoot = "";
			targets = (
				296FA9462BF960D9000CF0C2 /* Audio Share */,
				296FA9562BF960DA000CF0C2 /* Audio ShareTests */,
				296FA9602BF960DA000CF0C2 /* Audio ShareUITests */,
			);
		};
/* End PBXProject section */

/* Begin PBXResourcesBuildPhase section */
		296FA9452BF960D9000CF0C2 /* Resources */ = {
			isa = PBXResourcesBuildPhase;
			buildActionMask = 2147483647;
			files = (
				296FA9522BF960DA000CF0C2 /* Preview Assets.xcassets in Resources */,
				296FA94F2BF960DA000CF0C2 /* Assets.xcassets in Resources */,
			);
			runOnlyForDeploymentPostprocessing = 0;
		};
		296FA9552BF960DA000CF0C2 /* Resources */ = {
			isa = PBXResourcesBuildPhase;
			buildActionMask = 2147483647;
			files = (
			);
			runOnlyForDeploymentPostprocessing = 0;
		};
		296FA95F2BF960DA000CF0C2 /* Resources */ = {
			isa = PBXResourcesBuildPhase;
			buildActionMask = 2147483647;
			files = (
			);
			runOnlyForDeploymentPostprocessing = 0;
		};
/* End PBXResourcesBuildPhase section */

/* Begin PBXSourcesBuildPhase section */
		296FA9432BF960D9000CF0C2 /* Sources */ = {
			isa = PBXSourcesBuildPhase;
			buildActionMask = 2147483647;
			files = (
				296FA97C2BFA8BAA000CF0C2 /* QRCodeFrameView.swift in Sources */,
				296FA9912BFFAEDC000CF0C2 /* ConnectionManager.swift in Sources */,
				292C18A82C1B9D4200FF235B /* UserRequest.swift in Sources */,
				296FA94D2BF960D9000CF0C2 /* ContentView.swift in Sources */,
				296FA9842BFD2427000CF0C2 /* ServiceDiscovery.swift in Sources */,
				296FA97A2BFA7CAE000CF0C2 /* QRCodeScanner.swift in Sources */,
				292C18C02C2A3B3A00FF235B /* SpotifySessionManager.swift in Sources */,
				292C18C22C31EF3200FF235B /* SceneDelegate.swift in Sources */,
				292C18882C0112BE00FF235B /* Audio Engine.swift in Sources */,
				292C18BE2C2A33BD00FF235B /* Constants.swift in Sources */,
				296FA9782BFA7C50000CF0C2 /* QRCodeCoodinator.swift in Sources */,
				292C18932C03F92500FF235B /* Device Connect.swift in Sources */,
				292C18B72C20F96D00FF235B /* ViewController.swift in Sources */,
				296FA9942BFFF327000CF0C2 /* LoginPage.swift in Sources */,
				296FA94B2BF960D9000CF0C2 /* Audio_ShareApp.swift in Sources */,
				296FA9762BF961E7000CF0C2 /* LocalNetworkAuthorization.swift in Sources */,
				296FA98A2BFF95B7000CF0C2 /* Inbound Handler.swift in Sources */,
				292C18912C03C96500FF235B /* Login Manager.swift in Sources */,
				292C18A32C16469600FF235B /* Response Data.swift in Sources */,
				292C18952C05068A00FF235B /* QRCameraManager.swift in Sources */,
				292C18A12C1645EF00FF235B /* Server Response Data.swift in Sources */,
				292C18AC2C1CFD2800FF235B /* Initiate Connection.swift in Sources */,
				292C18C52C37541900FF235B /* Library.swift in Sources */,
				292C18AF2C20EE2C00FF235B /* AppDelegate.swift in Sources */,
				296FA98C2BFF95F1000CF0C2 /* Outbound Handler.swift in Sources */,
				292C189C2C0BC5B200FF235B /* User Request.swift in Sources */,
				292C188F2C03AAA000FF235B /* Color Extension.swift in Sources */,
				292C188D2C029D1900FF235B /* Keychain Manager.swift in Sources */,
				292C189E2C16441B00FF235B /* Server Response.swift in Sources */,
				292C18972C06B95700FF235B /* NWConnection Extension.swift in Sources */,
				292C18AA2C1B9DEF00FF235B /* UserSessionRequest.swift in Sources */,
				292C189A2C0B955700FF235B /* Session Key.swift in Sources */,
				296FA9862BFE82B4000CF0C2 /* SocketManager.swift in Sources */,
				296FA9812BFC045B000CF0C2 /* Security.swift in Sources */,
				292C18A62C17D65E00FF235B /* Connection Error.swift in Sources */,
			);
			runOnlyForDeploymentPostprocessing = 0;
		};
		296FA9532BF960DA000CF0C2 /* Sources */ = {
			isa = PBXSourcesBuildPhase;
			buildActionMask = 2147483647;
			files = (
				296FA95C2BF960DA000CF0C2 /* Audio_ShareTests.swift in Sources */,
			);
			runOnlyForDeploymentPostprocessing = 0;
		};
		296FA95D2BF960DA000CF0C2 /* Sources */ = {
			isa = PBXSourcesBuildPhase;
			buildActionMask = 2147483647;
			files = (
				296FA9662BF960DA000CF0C2 /* Audio_ShareUITests.swift in Sources */,
				296FA9682BF960DA000CF0C2 /* Audio_ShareUITestsLaunchTests.swift in Sources */,
			);
			runOnlyForDeploymentPostprocessing = 0;
		};
/* End PBXSourcesBuildPhase section */

/* Begin PBXTargetDependency section */
		296FA9592BF960DA000CF0C2 /* PBXTargetDependency */ = {
			isa = PBXTargetDependency;
			target = 296FA9462BF960D9000CF0C2 /* Audio Share */;
			targetProxy = 296FA9582BF960DA000CF0C2 /* PBXContainerItemProxy */;
		};
		296FA9632BF960DA000CF0C2 /* PBXTargetDependency */ = {
			isa = PBXTargetDependency;
			target = 296FA9462BF960D9000CF0C2 /* Audio Share */;
			targetProxy = 296FA9622BF960DA000CF0C2 /* PBXContainerItemProxy */;
		};
/* End PBXTargetDependency section */

/* Begin XCBuildConfiguration section */
		296FA9692BF960DA000CF0C2 /* Debug */ = {
			isa = XCBuildConfiguration;
			buildSettings = {
				ALWAYS_SEARCH_USER_PATHS = NO;
				ASSETCATALOG_COMPILER_GENERATE_SWIFT_ASSET_SYMBOL_EXTENSIONS = YES;
				CLANG_ANALYZER_NONNULL = YES;
				CLANG_ANALYZER_NUMBER_OBJECT_CONVERSION = YES_AGGRESSIVE;
				CLANG_CXX_LANGUAGE_STANDARD = "gnu++20";
				CLANG_ENABLE_MODULES = YES;
				CLANG_ENABLE_OBJC_ARC = YES;
				CLANG_ENABLE_OBJC_WEAK = YES;
				CLANG_WARN_BLOCK_CAPTURE_AUTORELEASING = YES;
				CLANG_WARN_BOOL_CONVERSION = YES;
				CLANG_WARN_COMMA = YES;
				CLANG_WARN_CONSTANT_CONVERSION = YES;
				CLANG_WARN_DEPRECATED_OBJC_IMPLEMENTATIONS = YES;
				CLANG_WARN_DIRECT_OBJC_ISA_USAGE = YES_ERROR;
				CLANG_WARN_DOCUMENTATION_COMMENTS = YES;
				CLANG_WARN_EMPTY_BODY = YES;
				CLANG_WARN_ENUM_CONVERSION = YES;
				CLANG_WARN_INFINITE_RECURSION = YES;
				CLANG_WARN_INT_CONVERSION = YES;
				CLANG_WARN_NON_LITERAL_NULL_CONVERSION = YES;
				CLANG_WARN_OBJC_IMPLICIT_RETAIN_SELF = YES;
				CLANG_WARN_OBJC_LITERAL_CONVERSION = YES;
				CLANG_WARN_OBJC_ROOT_CLASS = YES_ERROR;
				CLANG_WARN_QUOTED_INCLUDE_IN_FRAMEWORK_HEADER = YES;
				CLANG_WARN_RANGE_LOOP_ANALYSIS = YES;
				CLANG_WARN_STRICT_PROTOTYPES = YES;
				CLANG_WARN_SUSPICIOUS_MOVE = YES;
				CLANG_WARN_UNGUARDED_AVAILABILITY = YES_AGGRESSIVE;
				CLANG_WARN_UNREACHABLE_CODE = YES;
				CLANG_WARN__DUPLICATE_METHOD_MATCH = YES;
				COPY_PHASE_STRIP = NO;
				DEBUG_INFORMATION_FORMAT = dwarf;
				ENABLE_STRICT_OBJC_MSGSEND = YES;
				ENABLE_TESTABILITY = YES;
				ENABLE_USER_SCRIPT_SANDBOXING = YES;
				GCC_C_LANGUAGE_STANDARD = gnu17;
				GCC_DYNAMIC_NO_PIC = NO;
				GCC_NO_COMMON_BLOCKS = YES;
				GCC_OPTIMIZATION_LEVEL = 0;
				GCC_PREPROCESSOR_DEFINITIONS = (
					"DEBUG=1",
					"$(inherited)",
				);
				GCC_WARN_64_TO_32_BIT_CONVERSION = YES;
				GCC_WARN_ABOUT_RETURN_TYPE = YES_ERROR;
				GCC_WARN_UNDECLARED_SELECTOR = YES;
				GCC_WARN_UNINITIALIZED_AUTOS = YES_AGGRESSIVE;
				GCC_WARN_UNUSED_FUNCTION = YES;
				GCC_WARN_UNUSED_VARIABLE = YES;
				IPHONEOS_DEPLOYMENT_TARGET = 17.4;
				LOCALIZATION_PREFERS_STRING_CATALOGS = YES;
				MTL_ENABLE_DEBUG_INFO = INCLUDE_SOURCE;
				MTL_FAST_MATH = YES;
				ONLY_ACTIVE_ARCH = YES;
				SDKROOT = iphoneos;
				SWIFT_ACTIVE_COMPILATION_CONDITIONS = "DEBUG $(inherited)";
				SWIFT_OPTIMIZATION_LEVEL = "-Onone";
			};
			name = Debug;
		};
		296FA96A2BF960DA000CF0C2 /* Release */ = {
			isa = XCBuildConfiguration;
			buildSettings = {
				ALWAYS_SEARCH_USER_PATHS = NO;
				ASSETCATALOG_COMPILER_GENERATE_SWIFT_ASSET_SYMBOL_EXTENSIONS = YES;
				CLANG_ANALYZER_NONNULL = YES;
				CLANG_ANALYZER_NUMBER_OBJECT_CONVERSION = YES_AGGRESSIVE;
				CLANG_CXX_LANGUAGE_STANDARD = "gnu++20";
				CLANG_ENABLE_MODULES = YES;
				CLANG_ENABLE_OBJC_ARC = YES;
				CLANG_ENABLE_OBJC_WEAK = YES;
				CLANG_WARN_BLOCK_CAPTURE_AUTORELEASING = YES;
				CLANG_WARN_BOOL_CONVERSION = YES;
				CLANG_WARN_COMMA = YES;
				CLANG_WARN_CONSTANT_CONVERSION = YES;
				CLANG_WARN_DEPRECATED_OBJC_IMPLEMENTATIONS = YES;
				CLANG_WARN_DIRECT_OBJC_ISA_USAGE = YES_ERROR;
				CLANG_WARN_DOCUMENTATION_COMMENTS = YES;
				CLANG_WARN_EMPTY_BODY = YES;
				CLANG_WARN_ENUM_CONVERSION = YES;
				CLANG_WARN_INFINITE_RECURSION = YES;
				CLANG_WARN_INT_CONVERSION = YES;
				CLANG_WARN_NON_LITERAL_NULL_CONVERSION = YES;
				CLANG_WARN_OBJC_IMPLICIT_RETAIN_SELF = YES;
				CLANG_WARN_OBJC_LITERAL_CONVERSION = YES;
				CLANG_WARN_OBJC_ROOT_CLASS = YES_ERROR;
				CLANG_WARN_QUOTED_INCLUDE_IN_FRAMEWORK_HEADER = YES;
				CLANG_WARN_RANGE_LOOP_ANALYSIS = YES;
				CLANG_WARN_STRICT_PROTOTYPES = YES;
				CLANG_WARN_SUSPICIOUS_MOVE = YES;
				CLANG_WARN_UNGUARDED_AVAILABILITY = YES_AGGRESSIVE;
				CLANG_WARN_UNREACHABLE_CODE = YES;
				CLANG_WARN__DUPLICATE_METHOD_MATCH = YES;
				COPY_PHASE_STRIP = NO;
				DEBUG_INFORMATION_FORMAT = "dwarf-with-dsym";
				ENABLE_NS_ASSERTIONS = NO;
				ENABLE_STRICT_OBJC_MSGSEND = YES;
				ENABLE_USER_SCRIPT_SANDBOXING = YES;
				GCC_C_LANGUAGE_STANDARD = gnu17;
				GCC_NO_COMMON_BLOCKS = YES;
				GCC_WARN_64_TO_32_BIT_CONVERSION = YES;
				GCC_WARN_ABOUT_RETURN_TYPE = YES_ERROR;
				GCC_WARN_UNDECLARED_SELECTOR = YES;
				GCC_WARN_UNINITIALIZED_AUTOS = YES_AGGRESSIVE;
				GCC_WARN_UNUSED_FUNCTION = YES;
				GCC_WARN_UNUSED_VARIABLE = YES;
				IPHONEOS_DEPLOYMENT_TARGET = 17.4;
				LOCALIZATION_PREFERS_STRING_CATALOGS = YES;
				MTL_ENABLE_DEBUG_INFO = NO;
				MTL_FAST_MATH = YES;
				SDKROOT = iphoneos;
				SWIFT_COMPILATION_MODE = wholemodule;
				VALIDATE_PRODUCT = YES;
			};
			name = Release;
		};
		296FA96C2BF960DA000CF0C2 /* Debug */ = {
			isa = XCBuildConfiguration;
			baseConfigurationReference = 3125F8A1A9934719B7D3A575 /* Secrets.xcconfig */;
			buildSettings = {
				APP_HOST = "http://192.168.68.60:8080";
				APP_URL_SCHEME = audioshare;
				ASSETCATALOG_COMPILER_APPICON_NAME = AppIcon;
				ASSETCATALOG_COMPILER_GLOBAL_ACCENT_COLOR_NAME = AccentColor;
				CODE_SIGN_STYLE = Automatic;
				CURRENT_PROJECT_VERSION = 1;
				DEVELOPMENT_ASSET_PATHS = "\"Audio Share/Preview Content\"";
				DEVELOPMENT_TEAM = 9P82L824DU;
				ENABLE_PREVIEWS = YES;
				FRAMEWORK_SEARCH_PATHS = (
					"$(inherited)",
					"$(PROJECT_DIR)",
				);
				GENERATE_INFOPLIST_FILE = YES;
				INFOPLIST_FILE = "Audio-Share-Info.plist";
				INFOPLIST_KEY_NSCameraUsageDescription = "Please let me use your camera";
				INFOPLIST_KEY_NSLocalNetworkUsageDescription = "We need your network";
				INFOPLIST_KEY_NSMicrophoneUsageDescription = "Please let me use your mic";
				INFOPLIST_KEY_SpotifyClientId = "$(SPOTIFY_CLIENT_ID)";
				INFOPLIST_KEY_SpotifyClientSecret = "$(SPOTIFY_CLIENT_SECRET)";
				INFOPLIST_KEY_UIApplicationSceneManifest_Generation = YES;
				INFOPLIST_KEY_UIApplicationSupportsIndirectInputEvents = YES;
				INFOPLIST_KEY_UILaunchScreen_Generation = YES;
				INFOPLIST_KEY_UISupportedInterfaceOrientations_iPad = "UIInterfaceOrientationPortrait UIInterfaceOrientationPortraitUpsideDown UIInterfaceOrientationLandscapeLeft UIInterfaceOrientationLandscapeRight";
				INFOPLIST_KEY_UISupportedInterfaceOrientations_iPhone = "UIInterfaceOrientationPortrait UIInterfaceOrientationLandscapeLeft UIInterfaceOrientationLandscapeRight";
				LD_RUNPATH_SEARCH_PATHS = (
					"$(inherited)",
					"@executable_path/Frameworks",
				);
				MARKETING_VERSION = 1.0;
				OTHER_LDFLAGS = "-ObjC";
				PRODUCT_BUNDLE_IDENTIFIER = "fgh.Audio-Share";
				PRODUCT_NAME = "$(TARGET_NAME)";
				SWIFT_EMIT_LOC_STRINGS = YES;
				SWIFT_VERSION = 5.0;
				TARGETED_DEVICE_FAMILY = "1,2";
			};
			name = Debug;
		};
		296FA96D2BF960DA000CF0C2 /* Release */ = {
			isa = XCBuildConfiguration;
			baseConfigurationReference = 3125F8A1A9934719B7D3A575 /* Secrets.xcconfig */;
			buildSettings = {
				APP_HOST = "https://audio-share-068ed037b800.herokuapp.com\n";
				APP_URL_SCHEME = audioshare;
				ASSETCATALOG_COMPILER_APPICON_NAME = AppIcon;
				ASSETCATALOG_COMPILER_GLOBAL_ACCENT_COLOR_NAME = AccentColor;
				CODE_SIGN_STYLE = Automatic;
				CURRENT_PROJECT_VERSION = 1;
				DEVELOPMENT_ASSET_PATHS = "\"Audio Share/Preview Content\"";
				DEVELOPMENT_TEAM = 9P82L824DU;
				ENABLE_PREVIEWS = YES;
				FRAMEWORK_SEARCH_PATHS = (
					"$(inherited)",
					"$(PROJECT_DIR)",
				);
				GENERATE_INFOPLIST_FILE = YES;
				INFOPLIST_FILE = "Audio-Share-Info.plist";
				INFOPLIST_KEY_NSCameraUsageDescription = "Please let me use your camera";
				INFOPLIST_KEY_NSLocalNetworkUsageDescription = "We need your network";
				INFOPLIST_KEY_NSMicrophoneUsageDescription = "Please let me use your mic";
				INFOPLIST_KEY_SpotifyClientId = "$(SPOTIFY_CLIENT_ID)";
				INFOPLIST_KEY_SpotifyClientSecret = "$(SPOTIFY_CLIENT_SECRET)";
				INFOPLIST_KEY_UIApplicationSceneManifest_Generation = YES;
				INFOPLIST_KEY_UIApplicationSupportsIndirectInputEvents = YES;
				INFOPLIST_KEY_UILaunchScreen_Generation = YES;
				INFOPLIST_KEY_UISupportedInterfaceOrientations_iPad = "UIInterfaceOrientationPortrait UIInterfaceOrientationPortraitUpsideDown UIInterfaceOrientationLandscapeLeft UIInterfaceOrientationLandscapeRight";
				INFOPLIST_KEY_UISupportedInterfaceOrientations_iPhone = "UIInterfaceOrientationPortrait UIInterfaceOrientationLandscapeLeft UIInterfaceOrientationLandscapeRight";
				LD_RUNPATH_SEARCH_PATHS = (
					"$(inherited)",
					"@executable_path/Frameworks",
				);
				MARKETING_VERSION = 1.0;
				OTHER_LDFLAGS = "-ObjC";
				PRODUCT_BUNDLE_IDENTIFIER = "fgh.Audio-Share";
				PRODUCT_NAME = "$(TARGET_NAME)";
				SWIFT_EMIT_LOC_STRINGS = YES;
				SWIFT_VERSION = 5.0;
				TARGETED_DEVICE_FAMILY = "1,2";
			};
			name = Release;
		};
		296FA96F2BF960DA000CF0C2 /* Debug */ = {
			isa = XCBuildConfiguration;
			buildSettings = {
				ALWAYS_EMBED_SWIFT_STANDARD_LIBRARIES = YES;
				BUNDLE_LOADER = "$(TEST_HOST)";
				CODE_SIGN_STYLE = Automatic;
				CURRENT_PROJECT_VERSION = 1;
				DEVELOPMENT_TEAM = 9P82L824DU;
				GENERATE_INFOPLIST_FILE = YES;
				IPHONEOS_DEPLOYMENT_TARGET = 17.5;
				MARKETING_VERSION = 1.0;
				PRODUCT_BUNDLE_IDENTIFIER = "fgh.Audio-ShareTests";
				PRODUCT_NAME = "$(TARGET_NAME)";
				SWIFT_EMIT_LOC_STRINGS = NO;
				SWIFT_VERSION = 5.0;
				TARGETED_DEVICE_FAMILY = "1,2";
				TEST_HOST = "$(BUILT_PRODUCTS_DIR)/Audio Share.app/$(BUNDLE_EXECUTABLE_FOLDER_PATH)/Audio Share";
			};
			name = Debug;
		};
		296FA9702BF960DA000CF0C2 /* Release */ = {
			isa = XCBuildConfiguration;
			buildSettings = {
				ALWAYS_EMBED_SWIFT_STANDARD_LIBRARIES = YES;
				BUNDLE_LOADER = "$(TEST_HOST)";
				CODE_SIGN_STYLE = Automatic;
				CURRENT_PROJECT_VERSION = 1;
				DEVELOPMENT_TEAM = 9P82L824DU;
				GENERATE_INFOPLIST_FILE = YES;
				IPHONEOS_DEPLOYMENT_TARGET = 17.5;
				MARKETING_VERSION = 1.0;
				PRODUCT_BUNDLE_IDENTIFIER = "fgh.Audio-ShareTests";
				PRODUCT_NAME = "$(TARGET_NAME)";
				SWIFT_EMIT_LOC_STRINGS = NO;
				SWIFT_VERSION = 5.0;
				TARGETED_DEVICE_FAMILY = "1,2";
				TEST_HOST = "$(BUILT_PRODUCTS_DIR)/Audio Share.app/$(BUNDLE_EXECUTABLE_FOLDER_PATH)/Audio Share";
			};
			name = Release;
		};
		296FA9722BF960DA000CF0C2 /* Debug */ = {
			isa = XCBuildConfiguration;
			buildSettings = {
				ALWAYS_EMBED_SWIFT_STANDARD_LIBRARIES = YES;
				CODE_SIGN_STYLE = Automatic;
				CURRENT_PROJECT_VERSION = 1;
				DEVELOPMENT_TEAM = 9P82L824DU;
				GENERATE_INFOPLIST_FILE = YES;
				MARKETING_VERSION = 1.0;
				PRODUCT_BUNDLE_IDENTIFIER = "fgh.Audio-ShareUITests";
				PRODUCT_NAME = "$(TARGET_NAME)";
				SWIFT_EMIT_LOC_STRINGS = NO;
				SWIFT_VERSION = 5.0;
				TARGETED_DEVICE_FAMILY = "1,2";
				TEST_TARGET_NAME = "Audio Share";
			};
			name = Debug;
		};
		296FA9732BF960DA000CF0C2 /* Release */ = {
			isa = XCBuildConfiguration;
			buildSettings = {
				ALWAYS_EMBED_SWIFT_STANDARD_LIBRARIES = YES;
				CODE_SIGN_STYLE = Automatic;
				CURRENT_PROJECT_VERSION = 1;
				DEVELOPMENT_TEAM = 9P82L824DU;
				GENERATE_INFOPLIST_FILE = YES;
				MARKETING_VERSION = 1.0;
				PRODUCT_BUNDLE_IDENTIFIER = "fgh.Audio-ShareUITests";
				PRODUCT_NAME = "$(TARGET_NAME)";
				SWIFT_EMIT_LOC_STRINGS = NO;
				SWIFT_VERSION = 5.0;
				TARGETED_DEVICE_FAMILY = "1,2";
				TEST_TARGET_NAME = "Audio Share";
			};
			name = Release;
		};
/* End XCBuildConfiguration section */

/* Begin XCConfigurationList section */
		296FA9422BF960D9000CF0C2 /* Build configuration list for PBXProject "Audio Share" */ = {
			isa = XCConfigurationList;
			buildConfigurations = (
				296FA9692BF960DA000CF0C2 /* Debug */,
				296FA96A2BF960DA000CF0C2 /* Release */,
			);
			defaultConfigurationIsVisible = 0;
			defaultConfigurationName = Release;
		};
		296FA96B2BF960DA000CF0C2 /* Build configuration list for PBXNativeTarget "Audio Share" */ = {
			isa = XCConfigurationList;
			buildConfigurations = (
				296FA96C2BF960DA000CF0C2 /* Debug */,
				296FA96D2BF960DA000CF0C2 /* Release */,
			);
			defaultConfigurationIsVisible = 0;
			defaultConfigurationName = Release;
		};
		296FA96E2BF960DA000CF0C2 /* Build configuration list for PBXNativeTarget "Audio ShareTests" */ = {
			isa = XCConfigurationList;
			buildConfigurations = (
				296FA96F2BF960DA000CF0C2 /* Debug */,
				296FA9702BF960DA000CF0C2 /* Release */,
			);
			defaultConfigurationIsVisible = 0;
			defaultConfigurationName = Release;
		};
		296FA9712BF960DA000CF0C2 /* Build configuration list for PBXNativeTarget "Audio ShareUITests" */ = {
			isa = XCConfigurationList;
			buildConfigurations = (
				296FA9722BF960DA000CF0C2 /* Debug */,
				296FA9732BF960DA000CF0C2 /* Release */,
			);
			defaultConfigurationIsVisible = 0;
			defaultConfigurationName = Release;
		};
/* End XCConfigurationList section */

/* Begin XCLocalSwiftPackageReference section */
		292C18AD2C20DF5100FF235B /* XCLocalSwiftPackageReference "../../audio_share/ios-sdk-2.1.1" */ = {
			isa = XCLocalSwiftPackageReference;
			relativePath = "../../audio_share/ios-sdk-2.1.1";
		};
		296FA97D2BFAC395000CF0C2 /* XCLocalSwiftPackageReference "../../CodeScanner" */ = {
			isa = XCLocalSwiftPackageReference;
			relativePath = ../../CodeScanner;
		};
/* End XCLocalSwiftPackageReference section */

/* Begin XCRemoteSwiftPackageReference section */
		296FA9872BFE8613000CF0C2 /* XCRemoteSwiftPackageReference "swift-nio" */ = {
			isa = XCRemoteSwiftPackageReference;
			repositoryURL = "https://github.com/apple/swift-nio.git";
			requirement = {
				kind = upToNextMajorVersion;
				minimumVersion = 2.65.0;
			};
		};
/* End XCRemoteSwiftPackageReference section */

/* Begin XCSwiftPackageProductDependency section */
		296FA97E2BFAC395000CF0C2 /* CodeScanner */ = {
			isa = XCSwiftPackageProductDependency;
			productName = CodeScanner;
		};
		296FA98E2BFF97C9000CF0C2 /* NIO */ = {
			isa = XCSwiftPackageProductDependency;
			package = 296FA9872BFE8613000CF0C2 /* XCRemoteSwiftPackageReference "swift-nio" */;
			productName = NIO;
		};
/* End XCSwiftPackageProductDependency section */
	};
	rootObject = 296FA93F2BF960D9000CF0C2 /* Project object */;
}
